{
  "version": 4,
  "terraform_version": "1.14.8",
  "serial": 6,
  "lineage": "fe2b4fbc-88e1-f293-d4fa-0fae84f9cc3b",
  "outputs": {
    "app_version": {
      "value": "v2",
      "type": "string"
    },
    "inventory_path": {
      "value": "./../generated/inventory.ini",
      "type": "string"
    },
    "k8s_values_path": {
      "value": "./../generated/k8s-values.json",
      "type": "string"
    },
    "namespace": {
      "value": "mini-prod",
      "type": "string"
    }
  },
  "resources": [
    {
      "mode": "managed",
      "type": "local_file",
      "name": "inventory",
      "provider": "provider[\"registry.terraform.io/hashicorp/local\"]",
      "instances": [
        {
          "schema_version": 0,
          "attributes": {
            "content": "[local]\nlocalhost ansible_connection=local\n",
            "content_base64": null,
            "content_base64sha256": "o0XEgDMZz+rw2OcX56lWIKNMWporihsfga6KE0oO02I=",
            "content_base64sha512": "2OmjCwuuzoU08tVZfOvlcpQ47ydpo+Nu4QvTNGrkvgJb4NN17aeaEdxe9QEmKEqVsyb8UZjC3w/+4w6266R70w==",
            "content_md5": "a4941d74e48dc9851b1916b345fc4d69",
            "content_sha1": "fa8b1e0836b45ec681b11ba7b50d9171d2cc8296",
            "content_sha256": "a345c4803319cfeaf0d8e717e7a95620a34c5a9a2b8a1b1f81ae8a134a0ed362",
            "content_sha512": "d8e9a30b0baece8534f2d5597cebe5729438ef2769a3e36ee10bd3346ae4be025be0d375eda79a11dc5ef50126284a95b326fc5198c2df0ffee30eb6eba47bd3",
            "directory_permission": "0777",
            "file_permission": "0777",
            "filename": "./../generated/inventory.ini",
            "id": "fa8b1e0836b45ec681b11ba7b50d9171d2cc8296",
            "sensitive_content": null,
            "source": null
          },
          "sensitive_attributes": [
            [
              {
                "type": "get_attr",
                "value": "sensitive_content"
              }
            ]
          ],
          "identity_schema_version": 0
        }
      ]
    },
    {
      "mode": "managed",
      "type": "local_file",
      "name": "k8s_values",
      "provider": "provider[\"registry.terraform.io/hashicorp/local\"]",
      "instances": [
        {
          "schema_version": 0,
          "attributes": {
            "content": "{\n  \"app_version\": \"v2\",\n  \"namespace\": \"mini-prod\",\n  \"image_tag\": \"latest\",\n  \"app_port\": 5000,\n  \"db_host\": \"postgres\",\n  \"db_port\": 5432\n}\n",
            "content_base64": null,
            "content_base64sha256": "GuQExSEGol7XoEi4Ck35VAZ2GPU2mng0osgisBjJ0g8=",
            "content_base64sha512": "pwY8SbtzO6Oy/O+X9b5MOWSAuhXISFWVpbyNaSKwGCEf9329X8n+Q81dz4R1NZIpn+sZqrANgbBl5lOegNgHog==",
            "content_md5": "6e9d4f4a337f5b48dd167478fe20dc37",
            "content_sha1": "4e57759aa2328d5aca5772bc2c08ba71b4aa16c6",
            "content_sha256": "1ae404c52106a25ed7a048b80a4df954067618f5369a7834a2c822b018c9d20f",
            "content_sha512": "a7063c49bb733ba3b2fcef97f5be4c396480ba15c8485595a5bc8d6922b018211ff77dbd5fc9fe43cd5dcf84753592299feb19aab00d81b065e6539e80d807a2",
            "directory_permission": "0777",
            "file_permission": "0777",
            "filename": "./../generated/k8s-values.json",
            "id": "4e57759aa2328d5aca5772bc2c08ba71b4aa16c6",
            "sensitive_content": null,
            "source": null
          },
          "sensitive_attributes": [
            [
              {
                "type": "get_attr",
                "value": "sensitive_content"
              }
            ]
          ],
          "identity_schema_version": 0
        }
      ]
    }
  ],
  "check_results": null
}
